{
  "lockfileVersion": 2,
  "configVersion": 1,
  "workspaces": {
    "": {
      "name": "nonobench-root",
      "devDependencies": {
        "taze": "21.3.0",
      },
    },
  },
  "packages": {
    "@antfu/ni": ["@antfu/ni@30.6.0", "", { "dependencies": { "fzf": "^0.5.2", "package-manager-detector": "^1.8.0", "tinyexec": "^1.3.0", "tinyglobby": "^0.2.17" }, "bin": { "na": "bin/na.mjs", "nd": "bin/nd.mjs", "ni": "bin/ni.mjs", "nr": "bin/nr.mjs", "nci": "bin/nci.mjs", "nlx": "bin/nlx.mjs", "nun": "bin/nun.mjs", "nup": "bin/nup.mjs" } }, "sha512-vRZX+aPd9UzUMjsCeH0CR4ldbCwwGaKjbotF7PBRyZdbZRZJz3Em+HXUNaxGWcdajRpTBL1HQ0KECudftPs7CQ=="],

    "@henrygd/queue": ["@henrygd/queue@1.2.0", "", {}, "sha512-jW/BLSTpcvExDhqJGxtIPgGr2O0IFF8XUNDwEbfCfhrXT8a4xztQ9Lv6U/vbYzYC0xVWn+3zv6YnLUh3bEFUKA=="],

    "@quansync/fs": ["@quansync/fs@1.1.0", "", { "dependencies": { "quansync": "^1.0.0" } }, "sha512-qAPG/t3HqML1TlN7sY/pTbEjzFVAKsMjNNMGheyDosro+kT4iw2KCUoHcVdmliwWjorm4elZbgNQyU2eD97eDg=="],

    "cac": ["cac@7.0.0", "", {}, "sha512-tixWYgm5ZoOD+3g6UTea91eow5z6AAHaho3g0V9CNSNb45gM8SmflpAc+GRd1InC4AqN/07Unrgp56Y94N9hJQ=="],

    "defu": ["defu@6.1.7", "", {}, "sha512-7z22QmUWiQ/2d0KkdYmANbRUVABpZ9SNYyH5vx6PZ+nE5bcC0l7uFvEfHlyld/HcGBFTL536ClDt3DEcSlEJAQ=="],

    "destr": ["destr@2.0.5", "", {}, "sha512-ugFTXCtDZunbzasqBxrK93Ik/DRYsO6S/fedkWEMKqt04xZ4csmnmwGDBAb07QWNaGMAmnTIemsYZCksjATwsA=="],

    "fdir": ["fdir@6.5.0", "", { "peerDependencies": { "picomatch": "^3 || ^4" }, "optionalPeers": ["picomatch"] }, "sha512-tIbYtZbucOs0BRGqPJkshJUYdL+SDH7dVM8gjy+ERp3WAUjLEFJE+02kanyHtwjWOnwrKYBiwAmM0p4kLJAnXg=="],

    "fzf": ["fzf@0.5.2", "", {}, "sha512-Tt4kuxLXFKHy8KT40zwsUPUkg1CrsgY25FxA2U/j/0WgEDCk3ddc/zLTCCcbSHX9FcKtLuVaDGtGE/STWC+j3Q=="],

    "jiti": ["jiti@2.7.0", "", { "bin": { "jiti": "lib/jiti-cli.mjs" } }, "sha512-AC/7JofJvZGrrneWNaEnJeOLUx+JlGt7tNa0wZiRPT4MY1wmfKjt2+6O2p2uz2+skll8OZZmJMNqeke7kKbNgQ=="],

    "mimic-function": ["mimic-function@5.0.1", "", {}, "sha512-VP79XUPxV2CigYP3jWwAUFSku2aKqBH7uTAapFWCBqutsbmDo96KY5o8uh6U+/YSIn5OxJnXp73beVkpqMIGhA=="],

    "node-fetch-native": ["node-fetch-native@1.6.7", "", {}, "sha512-g9yhqoedzIUm0nTnTqAQvueMPVOuIY16bqgAJJC8XOOubYFNwz6IER9qs0Gq2Xd0+CecCKFjtdDTMA4u4xG06Q=="],

    "obug": ["obug@3.0.0", "", {}, "sha512-5vvB5+W7ePv+p3uqxi+RcW1XAzLW0/hxt3/4X4Lc4qHudzOhmBiBwOY6DRob4WnanAEGvNcLjF+KNOufrUoEQw=="],

    "ofetch": ["ofetch@1.5.1", "", { "dependencies": { "destr": "^2.0.5", "node-fetch-native": "^1.6.7", "ufo": "^1.6.1" } }, "sha512-2W4oUZlVaqAPAil6FUg/difl6YhqhUR7x2eZY4bQCko22UXg3hptq9KLQdqFClV+Wu85UX7hNtdGTngi/1BxcA=="],

    "onetime": ["onetime@7.0.0", "", { "dependencies": { "mimic-function": "^5.0.0" } }, "sha512-VXJjc87FScF88uafS3JllDgvAm+c/Slfz06lorj2uAY34rlUu0Nt+v8wreiImcrgAjjIHp1rXpTDlLOGw29WwQ=="],

    "package-manager-detector": ["package-manager-detector@1.8.0", "", {}, "sha512-yQA4H19AmPEoMUeavPMDIe1higySl/gH/yaQrkT/s07Qp+7pp2hYz30N3z2l5BkjVkF9Ow6o0wjJamm2y7Sn0A=="],

    "pathe": ["pathe@2.0.3", "", {}, "sha512-WUjGcAqP1gQacoQe+OBJsFA7Ld4DyXuUIjZ5cc75cLHvJ7dtNsTugphxIADwspS+AraAUePCKrSVtPLFj/F88w=="],

    "picomatch": ["picomatch@4.0.7", "", {}, "sha512-qcJu88Q2IWqJsDD529JKMdwGm/dvInW4HvQnRwiH9JtihJvzGOscDtHE3x1pBKeUOTysQ8kVmLnJ2kJu7yhcGA=="],

    "pnpm-workspace-yaml": ["pnpm-workspace-yaml@1.9.1", "", { "dependencies": { "yaml": "^2.9.0" } }, "sha512-Xj/T2X6DNAWbtk/9UQ0/TJRswltiHZevmcMjqoL7WrpJi67lu3qaslU4+I+zJ8wtwqmuvAE0KkB8rbv2ZdogBg=="],

    "quansync": ["quansync@1.0.0", "", {}, "sha512-5xZacEEufv3HSTPQuchrvV6soaiACMFnq1H8wkVioctoH3TRha9Sz66lOxRwPK/qZj7HPiSveih9yAyh98gvqA=="],

    "restore-cursor": ["restore-cursor@5.1.0", "", { "dependencies": { "onetime": "^7.0.0", "signal-exit": "^4.1.0" } }, "sha512-oMA2dcrw6u0YfxJQXm342bFKX/E4sG9rbTzO9ptUcR/e8A33cHuvStiYOwH7fszkZlZ1z/ta9AAoPk2F4qIOHA=="],

    "signal-exit": ["signal-exit@4.1.0", "", {}, "sha512-bzyZ1e88w9O1iNJbKnOlvYTrWPDl46O1bG0D3XInv+9tkPrxrN8jUUTiFlDkkmKWgn1M6CfIA13SuGqOa9Korw=="],

    "taze": ["taze@21.3.0", "", { "dependencies": { "@antfu/ni": "^30.6.0", "@henrygd/queue": "^1.2.0", "cac": "^7.0.0", "obug": "^3.0.0", "ofetch": "^1.5.1", "package-manager-detector": "^1.8.0", "pathe": "^2.0.3", "pnpm-workspace-yaml": "^1.9.1", "restore-cursor": "^5.1.0", "tinyexec": "^1.3.1", "tinyglobby": "^0.2.17", "unconfig": "^7.5.0", "verkit": "^0.5.0", "yaml": "^2.9.1" }, "bin": { "taze": "bin/taze.mjs" } }, "sha512-9l1x5+weSLJvxO0ImL8hIukVbmNSotTS0Fe47J8TRucL+3htVIzh53YRMqQldsqYXHsBH90bca3LoXN1cLV6Ng=="],

    "tinyexec": ["tinyexec@1.3.1", "", {}, "sha512-GCvB3aoys96IuDFBMcTB46JOR6mdMtAToqwiW8JlWhsoh1mhHi/xn9ss/Dg7N555GiJyEt2qzoG/NHCwM6h1EA=="],

    "tinyglobby": ["tinyglobby@0.2.17", "", { "dependencies": { "fdir": "^6.5.0", "picomatch": "^4.0.4" } }, "sha512-wXR/dYpcqKmfWpEdZjiKJOwCNFndD0DMnrW/cYjVGttEkBfVgcLFHoNrlj47mjOVic9yyNu65alsgF4NQyTa2g=="],

    "ufo": ["ufo@1.6.4", "", {}, "sha512-JFNbkD1Svwe0KvGi8GOeLcP4kAWQ609twvCdcHxq1oSL8svv39ZuSvajcD8B+5D0eL4+s1Is2D/O6KN3qcTeRA=="],

    "unconfig": ["unconfig@7.5.0", "", { "dependencies": { "@quansync/fs": "^1.0.0", "defu": "^6.1.4", "jiti": "^2.6.1", "quansync": "^1.0.0", "unconfig-core": "7.5.0" } }, "sha512-oi8Qy2JV4D3UQ0PsopR28CzdQ3S/5A1zwsUwp/rosSbfhJ5z7b90bIyTwi/F7hCLD4SGcZVjDzd4XoUQcEanvA=="],

    "unconfig-core": ["unconfig-core@7.5.0", "", { "dependencies": { "@quansync/fs": "^1.0.0", "quansync": "^1.0.0" } }, "sha512-Su3FauozOGP44ZmKdHy2oE6LPjk51M/TRRjHv2HNCWiDvfvCoxC2lno6jevMA91MYAdCdwP05QnWdWpSbncX/w=="],

    "verkit": ["verkit@0.5.0", "", {}, "sha512-u4J1hr6Y+C/hit34GwL3eIcUf3wngT8TlYUjK7tk0jxydKLAq3sYvifjdTDA6U3KCKRcQCQDGf/srjxfZF3l7g=="],

    "yaml": ["yaml@2.9.1", "", { "bin": { "yaml": "bin.mjs" } }, "sha512-3NxN8+78OdzbT7C/WjGsyfPAtJaN3FNDsWxv7Y7mcDsT/oOmgW8BpyQQFFBnvZE3j9Y2Sdz1ULFLezL7Eb2yFw=="],
  }
}
